// !$*UTF8*$!
{
	archiveVersion = 1;
	classes = {
	};
	objectVersion = 46;
	objects = {

/* Begin PBXAggregateTarget section */
		9C4A912E45974AA780DA1EF1 /* ALL_BUILD */ = {
			isa = PBXAggregateTarget;
			buildConfigurationList = FBBF7BD5CBC94E8EB526FF4C /* Build configuration list for PBXAggregateTarget "ALL_BUILD" */;
			buildPhases = (
				B666ECCCCBE4472E9C96792E /* CMake Rules */,
			);
			dependencies = (
				DCF0B5A7F9D64612BD7063A3 /* PBXTargetDependency */,
				F09E0160B486492FB1CD5F67 /* PBXTargetDependency */,
			);
			name = ALL_BUILD;
			productName = ALL_BUILD;
		};
		D662C66B534F41E5B97839E4 /* ZERO_CHECK */ = {
			isa = PBXAggregateTarget;
			buildConfigurationList = 3C77F7552B0349F09F46E598 /* Build configuration list for PBXAggregateTarget "ZERO_CHECK" */;
			buildPhases = (
				9AA7C205BB6E4F9FBBE7B7F0 /* CMake Rules */,
			);
			dependencies = (
			);
			name = ZERO_CHECK;
			productName = ZERO_CHECK;
		};
/* End PBXAggregateTarget section */

/* Begin PBXBuildFile section */
		072749863CF145B7A67F9EA3 /* GLAppearance.cpp in Sources */ = {isa = PBXBuildFile; fileRef = F11ED2DBAEE34209952A28D2 /* GLAppearance.cpp */; settings = {COMPILER_FLAGS = ""; }; };
		1543ED6398E640E0A2890A48 /* ChessPiece.cpp in Sources */ = {isa = PBXBuildFile; fileRef = 6B0C980E1C134494A5B38B03 /* ChessPiece.cpp */; settings = {COMPILER_FLAGS = ""; }; };
		15C644E81C193E0C00016FCB /* Texture.cpp in Sources */ = {isa = PBXBuildFile; fileRef = 15C644E71C193E0C00016FCB /* Texture.cpp */; };
		23A8C9D514B246018F4EB012 /* ObjectIdFactory.cpp in Sources */ = {isa = PBXBuildFile; fileRef = D5FB13CD32694706A745B927 /* ObjectIdFactory.cpp */; settings = {COMPILER_FLAGS = ""; }; };
		274740518D7F4F3599EBF7EC /* HCI557Common.cpp in Sources */ = {isa = PBXBuildFile; fileRef = A148D1294AC94BE9A55E7AF5 /* HCI557Common.cpp */; settings = {COMPILER_FLAGS = ""; }; };
		290AB55015A443F8B9BBEA3E /* camera.cpp in Sources */ = {isa = PBXBuildFile; fileRef = C45CF724E36A452F8902FD72 /* camera.cpp */; settings = {COMPILER_FLAGS = ""; }; };
		36A4631F15984E26A5DD579F /* Sphere3D.cpp in Sources */ = {isa = PBXBuildFile; fileRef = F09D313777C44F6092D5640D /* Sphere3D.cpp */; settings = {COMPILER_FLAGS = ""; }; };
		3C222277F23E48048A8A37FD /* CoordSystem.cpp in Sources */ = {isa = PBXBuildFile; fileRef = 7C65F4A1DF1D423EBDDC22C0 /* CoordSystem.cpp */; settings = {COMPILER_FLAGS = ""; }; };
		46AE68E210504DB6B94078D9 /* GLObject.cpp in Sources */ = {isa = PBXBuildFile; fileRef = 12B5F27FC9A04796A99A04B2 /* GLObject.cpp */; settings = {COMPILER_FLAGS = ""; }; };
		82D95E6657C24C939E659363 /* main.cpp in Sources */ = {isa = PBXBuildFile; fileRef = B53A24032F724F32AF687FC9 /* main.cpp */; settings = {COMPILER_FLAGS = ""; }; };
		8A38E39B05DA40A6B5AC7BBA /* ChessGameAppearance.cpp in Sources */ = {isa = PBXBuildFile; fileRef = FA16E25ADF2D4FC48EBF6CE5 /* ChessGameAppearance.cpp */; settings = {COMPILER_FLAGS = ""; }; };
		A6130C509B39480B94F4332C /* controls.cpp in Sources */ = {isa = PBXBuildFile; fileRef = 1865FE4B8214469A98249AF8 /* controls.cpp */; settings = {COMPILER_FLAGS = ""; }; };
		B47453334A514DF1BB30379F /* GLObjectObj.cpp in Sources */ = {isa = PBXBuildFile; fileRef = 0CA14C6818DC4D4FA5C822CD /* GLObjectObj.cpp */; settings = {COMPILER_FLAGS = ""; }; };
		B916E4CC8B8748F9BFF8FF60 /* PieceFactory.cpp in Sources */ = {isa = PBXBuildFile; fileRef = 24CF3832BF454CA7868522A0 /* PieceFactory.cpp */; settings = {COMPILER_FLAGS = ""; }; };
		E5AD3DF91A034138B9358F28 /* ChessGame.cpp in Sources */ = {isa = PBXBuildFile; fileRef = 9FB540E3F6D045839CF09BF8 /* ChessGame.cpp */; settings = {COMPILER_FLAGS = ""; }; };
		E6A08F53A54E46C4AD0E1799 /* GLSphere.cpp in Sources */ = {isa = PBXBuildFile; fileRef = 7A81A1F0FC1C40CFB03171DC /* GLSphere.cpp */; settings = {COMPILER_FLAGS = ""; }; };
		F29880EBF1E44E56982AA07D /* Shaders.cpp in Sources */ = {isa = PBXBuildFile; fileRef = 42B8DE16C09449789EBB41A6 /* Shaders.cpp */; settings = {COMPILER_FLAGS = ""; }; };
/* End PBXBuildFile section */

/* Begin PBXContainerItemProxy section */
		0810CEA3F98A458ABF7C71D0 /* PBXContainerItemProxy */ = {
			isa = PBXContainerItemProxy;
			containerPortal = 0859C1E2ED2A4C2AB3A58911 /* Project object */;
			proxyType = 1;
			remoteGlobalIDString = D662C66B534F41E5B97839E4;
			remoteInfo = ZERO_CHECK;
		};
		22363A1C2AF748F4B358D737 /* PBXContainerItemProxy */ = {
			isa = PBXContainerItemProxy;
			containerPortal = 0859C1E2ED2A4C2AB3A58911 /* Project object */;
			proxyType = 1;
			remoteGlobalIDString = E89E9BEDE30C4D52BD6B9DB1;
			remoteInfo = HCI557_ObjLoader;
		};
		306B2C47501C4EEA8BD516E7 /* PBXContainerItemProxy */ = {
			isa = PBXContainerItemProxy;
			containerPortal = 0859C1E2ED2A4C2AB3A58911 /* Project object */;
			proxyType = 1;
			remoteGlobalIDString = D662C66B534F41E5B97839E4;
			remoteInfo = ZERO_CHECK;
		};
/* End PBXContainerItemProxy section */

/* Begin PBXFileReference section */
		0CA14C6818DC4D4FA5C822CD /* GLObjectObj.cpp */ = {isa = PBXFileReference; explicitFileType = sourcecode.cpp.cpp; fileEncoding = 4; name = GLObjectObj.cpp; path = ../gl_common/GLObjectObj.cpp; sourceTree = SOURCE_ROOT; };
		12B5F27FC9A04796A99A04B2 /* GLObject.cpp */ = {isa = PBXFileReference; explicitFileType = sourcecode.cpp.cpp; fileEncoding = 4; name = GLObject.cpp; path = ../gl_common/GLObject.cpp; sourceTree = SOURCE_ROOT; };
		13E5F02A1D7B4591AE55769B /* Sphere3D.h */ = {isa = PBXFileReference; explicitFileType = sourcecode.c.h; fileEncoding = 4; name = Sphere3D.h; path = ../gl_common/Sphere3D.h; sourceTree = SOURCE_ROOT; };
		15C644E61C193DFB00016FCB /* Texture.h */ = {isa = PBXFileReference; fileEncoding = 4; lastKnownFileType = sourcecode.c.h; path = Texture.h; sourceTree = "<group>"; };
		15C644E71C193E0C00016FCB /* Texture.cpp */ = {isa = PBXFileReference; fileEncoding = 4; lastKnownFileType = sourcecode.cpp.cpp; path = Texture.cpp; sourceTree = "<group>"; };
		178150990E7E4222814917D9 /* GLSphere.h */ = {isa = PBXFileReference; explicitFileType = sourcecode.c.h; fileEncoding = 4; name = GLSphere.h; path = ../gl_common/GLSphere.h; sourceTree = SOURCE_ROOT; };
		1865FE4B8214469A98249AF8 /* controls.cpp */ = {isa = PBXFileReference; explicitFileType = sourcecode.cpp.cpp; fileEncoding = 4; name = controls.cpp; path = ../gl_common/controls.cpp; sourceTree = SOURCE_ROOT; };
		24CF3832BF454CA7868522A0 /* PieceFactory.cpp */ = {isa = PBXFileReference; explicitFileType = sourcecode.cpp.cpp; fileEncoding = 4; name = PieceFactory.cpp; path = lib/PieceFactory.cpp; sourceTree = SOURCE_ROOT; };
		25F482B0DBBC48AC9AA65AEC /* HCI557_ObjLoader */ = {isa = PBXFileReference; explicitFileType = "compiled.mach-o.executable"; path = HCI557_ObjLoader; sourceTree = BUILT_PRODUCTS_DIR; };
		273FEC4FE3794D85BC531E87 /* Shaders.h */ = {isa = PBXFileReference; explicitFileType = sourcecode.c.h; fileEncoding = 4; name = Shaders.h; path = ../gl_common/Shaders.h; sourceTree = SOURCE_ROOT; };
		28360E10C9B34DCE95B154BF /* ChessGame.h */ = {isa = PBXFileReference; explicitFileType = sourcecode.c.h; fileEncoding = 4; name = ChessGame.h; path = lib/ChessGame.h; sourceTree = SOURCE_ROOT; };
		2BBFEB51D73C4689A6B936EA /* camera.h */ = {isa = PBXFileReference; explicitFileType = sourcecode.c.h; fileEncoding = 4; name = camera.h; path = ../gl_common/camera.h; sourceTree = SOURCE_ROOT; };
		42B8DE16C09449789EBB41A6 /* Shaders.cpp */ = {isa = PBXFileReference; explicitFileType = sourcecode.cpp.cpp; fileEncoding = 4; name = Shaders.cpp; path = ../gl_common/Shaders.cpp; sourceTree = SOURCE_ROOT; };
		4CD2555CE2944056A87F8BEB /* CMakeLists.txt */ = {isa = PBXFileReference; explicitFileType = sourcecode.text; fileEncoding = 4; lastKnownFileType = text; path = CMakeLists.txt; sourceTree = SOURCE_ROOT; };
		5356FA93650E4594959C318F /* GLAppearanceBase.h */ = {isa = PBXFileReference; explicitFileType = sourcecode.c.h; fileEncoding = 4; name = GLAppearanceBase.h; path = ../gl_common/GLAppearanceBase.h; sourceTree = SOURCE_ROOT; };
		56CDEBE418F14435A5C067B5 /* HCI557Common.h */ = {isa = PBXFileReference; explicitFileType = sourcecode.c.h; fileEncoding = 4; name = HCI557Common.h; path = ../gl_common/HCI557Common.h; sourceTree = SOURCE_ROOT; };
		57C7F5C6C26045FCA86FB563 /* controls.h */ = {isa = PBXFileReference; explicitFileType = sourcecode.c.h; fileEncoding = 4; name = controls.h; path = ../gl_common/controls.h; sourceTree = SOURCE_ROOT; };
		6B0C980E1C134494A5B38B03 /* ChessPiece.cpp */ = {isa = PBXFileReference; explicitFileType = sourcecode.cpp.cpp; fileEncoding = 4; name = ChessPiece.cpp; path = lib/ChessPiece.cpp; sourceTree = SOURCE_ROOT; };
		7443EAEC3DDB4A7297C17E84 /* CMakeLists.txt */ = {isa = PBXFileReference; explicitFileType = sourcecode.text; fileEncoding = 4; lastKnownFileType = text; path = CMakeLists.txt; sourceTree = SOURCE_ROOT; };
		7A81A1F0FC1C40CFB03171DC /* GLSphere.cpp */ = {isa = PBXFileReference; explicitFileType = sourcecode.cpp.cpp; fileEncoding = 4; name = GLSphere.cpp; path = ../gl_common/GLSphere.cpp; sourceTree = SOURCE_ROOT; };
		7A883EFAA878456AA2C35416 /* GLAppearance.h */ = {isa = PBXFileReference; explicitFileType = sourcecode.c.h; fileEncoding = 4; name = GLAppearance.h; path = ../gl_common/GLAppearance.h; sourceTree = SOURCE_ROOT; };
		7C65F4A1DF1D423EBDDC22C0 /* CoordSystem.cpp */ = {isa = PBXFileReference; explicitFileType = sourcecode.cpp.cpp; fileEncoding = 4; name = CoordSystem.cpp; path = ../gl_common/CoordSystem.cpp; sourceTree = SOURCE_ROOT; };
		9FB540E3F6D045839CF09BF8 /* ChessGame.cpp */ = {isa = PBXFileReference; explicitFileType = sourcecode.cpp.cpp; fileEncoding = 4; name = ChessGame.cpp; path = lib/ChessGame.cpp; sourceTree = SOURCE_ROOT; };
		A148D1294AC94BE9A55E7AF5 /* HCI557Common.cpp */ = {isa = PBXFileReference; explicitFileType = sourcecode.cpp.cpp; fileEncoding = 4; name = HCI557Common.cpp; path = ../gl_common/HCI557Common.cpp; sourceTree = SOURCE_ROOT; };
		B53A24032F724F32AF687FC9 /* main.cpp */ = {isa = PBXFileReference; explicitFileType = sourcecode.cpp.cpp; fileEncoding = 4; path = main.cpp; sourceTree = SOURCE_ROOT; };
		C02035D1A22348B19E6FED1F /* ObjectIdFactory.h */ = {isa = PBXFileReference; explicitFileType = sourcecode.c.h; fileEncoding = 4; name = ObjectIdFactory.h; path = lib/ObjectIdFactory.h; sourceTree = SOURCE_ROOT; };
		C45CF724E36A452F8902FD72 /* camera.cpp */ = {isa = PBXFileReference; explicitFileType = sourcecode.cpp.cpp; fileEncoding = 4; name = camera.cpp; path = ../gl_common/camera.cpp; sourceTree = SOURCE_ROOT; };
		CB827F4213D24657A27C5703 /* CoordSystem.h */ = {isa = PBXFileReference; explicitFileType = sourcecode.c.h; fileEncoding = 4; name = CoordSystem.h; path = ../gl_common/CoordSystem.h; sourceTree = SOURCE_ROOT; };
		D5FB13CD32694706A745B927 /* ObjectIdFactory.cpp */ = {isa = PBXFileReference; explicitFileType = sourcecode.cpp.cpp; fileEncoding = 4; name = ObjectIdFactory.cpp; path = lib/ObjectIdFactory.cpp; sourceTree = SOURCE_ROOT; };
		D9A6421B31EE4CE8915B45DA /* GLObject.h */ = {isa = PBXFileReference; explicitFileType = sourcecode.c.h; fileEncoding = 4; name = GLObject.h; path = ../gl_common/GLObject.h; sourceTree = SOURCE_ROOT; };
		E5E2E99C61F74C34ADB75BAC /* ChessPiece.h */ = {isa = PBXFileReference; explicitFileType = sourcecode.c.h; fileEncoding = 4; name = ChessPiece.h; path = lib/ChessPiece.h; sourceTree = SOURCE_ROOT; };
		F09D313777C44F6092D5640D /* Sphere3D.cpp */ = {isa = PBXFileReference; explicitFileType = sourcecode.cpp.cpp; fileEncoding = 4; name = Sphere3D.cpp; path = ../gl_common/Sphere3D.cpp; sourceTree = SOURCE_ROOT; };
		F11ED2DBAEE34209952A28D2 /* GLAppearance.cpp */ = {isa = PBXFileReference; explicitFileType = sourcecode.cpp.cpp; fileEncoding = 4; name = GLAppearance.cpp; path = ../gl_common/GLAppearance.cpp; sourceTree = SOURCE_ROOT; };
		F395F3C4C20948F086992E5F /* HCI557Datatypes.h */ = {isa = PBXFileReference; explicitFileType = sourcecode.c.h; fileEncoding = 4; name = HCI557Datatypes.h; path = ../gl_common/HCI557Datatypes.h; sourceTree = SOURCE_ROOT; };
		F9C3E6150C174527A313D1C6 /* GLObjectObj.h */ = {isa = PBXFileReference; explicitFileType = sourcecode.c.h; fileEncoding = 4; name = GLObjectObj.h; path = ../gl_common/GLObjectObj.h; sourceTree = SOURCE_ROOT; };
		FA16E25ADF2D4FC48EBF6CE5 /* ChessGameAppearance.cpp */ = {isa = PBXFileReference; explicitFileType = sourcecode.cpp.cpp; fileEncoding = 4; name = ChessGameAppearance.cpp; path = lib/ChessGameAppearance.cpp; sourceTree = SOURCE_ROOT; };
		FF6419056D594DA1A1B9AE0F /* CMakeLists.txt */ = {isa = PBXFileReference; explicitFileType = sourcecode.text; fileEncoding = 4; lastKnownFileType = text; path = CMakeLists.txt; sourceTree = SOURCE_ROOT; };
		FFE8604C42D54388AAF84127 /* PieceFactory.h */ = {isa = PBXFileReference; explicitFileType = sourcecode.c.h; fileEncoding = 4; name = PieceFactory.h; path = lib/PieceFactory.h; sourceTree = SOURCE_ROOT; };
/* End PBXFileReference section */

/* Begin PBXGroup section */
		18830C9799204569A1520B64 /* ALL_BUILD */ = {
			isa = PBXGroup;
			children = (
				A994FF1F5E5947ECB9CE8CCE /* CMake Rules */,
				FF6419056D594DA1A1B9AE0F /* CMakeLists.txt */,
			);
			name = ALL_BUILD;
			sourceTree = "<group>";
		};
		2325B86FD50F4E9AB278EF62 = {
			isa = PBXGroup;
			children = (
				AEAC79D4F6BC472C937D81B7 /* Sources */,
				92C7B963F7714AAEB24122D4 /* Resources */,
				A29AD04A2CC1423F8A553330 /* Products */,
			);
			sourceTree = "<group>";
		};
		66BE8A41328B46F5A43AF8D4 /* ZERO_CHECK */ = {
			isa = PBXGroup;
			children = (
				6DF88894321E4BD4AB6C5215 /* CMake Rules */,
				7443EAEC3DDB4A7297C17E84 /* CMakeLists.txt */,
			);
			name = ZERO_CHECK;
			sourceTree = "<group>";
		};
		6DF88894321E4BD4AB6C5215 /* CMake Rules */ = {
			isa = PBXGroup;
			children = (
			);
			name = "CMake Rules";
			sourceTree = "<group>";
		};
		7CBCDE19A49E4708B0973761 /* HCI557_ObjLoader */ = {
			isa = PBXGroup;
			children = (
				AACE4825FC634EBB96C8DDA3 /* Source Files */,
				9BFEFDD36B9D4B55BD6D90DC /* Header Files */,
				4CD2555CE2944056A87F8BEB /* CMakeLists.txt */,
			);
			name = HCI557_ObjLoader;
			sourceTree = "<group>";
		};
		92C7B963F7714AAEB24122D4 /* Resources */ = {
			isa = PBXGroup;
			children = (
			);
			name = Resources;
			sourceTree = "<group>";
		};
		9BFEFDD36B9D4B55BD6D90DC /* Header Files */ = {
			isa = PBXGroup;
			children = (
				28360E10C9B34DCE95B154BF /* ChessGame.h */,
				E5E2E99C61F74C34ADB75BAC /* ChessPiece.h */,
				C02035D1A22348B19E6FED1F /* ObjectIdFactory.h */,
				FFE8604C42D54388AAF84127 /* PieceFactory.h */,
				CB827F4213D24657A27C5703 /* CoordSystem.h */,
				7A883EFAA878456AA2C35416 /* GLAppearance.h */,
				5356FA93650E4594959C318F /* GLAppearanceBase.h */,
				D9A6421B31EE4CE8915B45DA /* GLObject.h */,
				F9C3E6150C174527A313D1C6 /* GLObjectObj.h */,
				178150990E7E4222814917D9 /* GLSphere.h */,
				56CDEBE418F14435A5C067B5 /* HCI557Common.h */,
				F395F3C4C20948F086992E5F /* HCI557Datatypes.h */,
				273FEC4FE3794D85BC531E87 /* Shaders.h */,
				13E5F02A1D7B4591AE55769B /* Sphere3D.h */,
				2BBFEB51D73C4689A6B936EA /* camera.h */,
				57C7F5C6C26045FCA86FB563 /* controls.h */,
				15C644E61C193DFB00016FCB /* Texture.h */,
			);
			name = "Header Files";
			sourceTree = "<group>";
		};
		A29AD04A2CC1423F8A553330 /* Products */ = {
			isa = PBXGroup;
			children = (
				25F482B0DBBC48AC9AA65AEC /* HCI557_ObjLoader */,
			);
			name = Products;
			sourceTree = "<group>";
		};
		A994FF1F5E5947ECB9CE8CCE /* CMake Rules */ = {
			isa = PBXGroup;
			children = (
			);
			name = "CMake Rules";
			sourceTree = "<group>";
		};
		AACE4825FC634EBB96C8DDA3 /* Source Files */ = {
			isa = PBXGroup;
			children = (
				9FB540E3F6D045839CF09BF8 /* ChessGame.cpp */,
				FA16E25ADF2D4FC48EBF6CE5 /* ChessGameAppearance.cpp */,
				6B0C980E1C134494A5B38B03 /* ChessPiece.cpp */,
				D5FB13CD32694706A745B927 /* ObjectIdFactory.cpp */,
				24CF3832BF454CA7868522A0 /* PieceFactory.cpp */,
				B53A24032F724F32AF687FC9 /* main.cpp */,
				7C65F4A1DF1D423EBDDC22C0 /* CoordSystem.cpp */,
				F11ED2DBAEE34209952A28D2 /* GLAppearance.cpp */,
				12B5F27FC9A04796A99A04B2 /* GLObject.cpp */,
				0CA14C6818DC4D4FA5C822CD /* GLObjectObj.cpp */,
				7A81A1F0FC1C40CFB03171DC /* GLSphere.cpp */,
				A148D1294AC94BE9A55E7AF5 /* HCI557Common.cpp */,
				42B8DE16C09449789EBB41A6 /* Shaders.cpp */,
				F09D313777C44F6092D5640D /* Sphere3D.cpp */,
				C45CF724E36A452F8902FD72 /* camera.cpp */,
				1865FE4B8214469A98249AF8 /* controls.cpp */,
				15C644E71C193E0C00016FCB /* Texture.cpp */,
			);
			name = "Source Files";
			sourceTree = "<group>";
		};
		AEAC79D4F6BC472C937D81B7 /* Sources */ = {
			isa = PBXGroup;
			children = (
				18830C9799204569A1520B64 /* ALL_BUILD */,
				7CBCDE19A49E4708B0973761 /* HCI557_ObjLoader */,
				66BE8A41328B46F5A43AF8D4 /* ZERO_CHECK */,
			);
			name = Sources;
			sourceTree = "<group>";
		};
/* End PBXGroup section */

/* Begin PBXNativeTarget section */
		E89E9BEDE30C4D52BD6B9DB1 /* HCI557_ObjLoader */ = {
			isa = PBXNativeTarget;
			buildConfigurationList = 0C9A734C1D3A4BF9AADB78BD /* Build configuration list for PBXNativeTarget "HCI557_ObjLoader" */;
			buildPhases = (
				0AF5D2DD48C74E6FB02CC03B /* Sources */,
			);
			buildRules = (
			);
			dependencies = (
				B5B182C5A6C149B88EC55B24 /* PBXTargetDependency */,
			);
			name = HCI557_ObjLoader;
			productName = HCI557_ObjLoader;
			productReference = 25F482B0DBBC48AC9AA65AEC /* HCI557_ObjLoader */;
			productType = "com.apple.product-type.tool";
		};
/* End PBXNativeTarget section */

/* Begin PBXProject section */
		0859C1E2ED2A4C2AB3A58911 /* Project object */ = {
			isa = PBXProject;
			attributes = {
				BuildIndependentTargetsInParallel = YES;
			};
			buildConfigurationList = 254AB6FE6EEF466C9680508F /* Build configuration list for PBXProject "FinalProject" */;
			compatibilityVersion = "Xcode 3.2";
			developmentRegion = English;
			hasScannedForEncodings = 0;
			knownRegions = (
				en,
			);
			mainGroup = 2325B86FD50F4E9AB278EF62;
			projectDirPath = "";
			projectRoot = "";
			targets = (
				9C4A912E45974AA780DA1EF1 /* ALL_BUILD */,
				E89E9BEDE30C4D52BD6B9DB1 /* HCI557_ObjLoader */,
				D662C66B534F41E5B97839E4 /* ZERO_CHECK */,
			);
		};
/* End PBXProject section */

/* Begin PBXShellScriptBuildPhase section */
		9AA7C205BB6E4F9FBBE7B7F0 /* CMake Rules */ = {
			isa = PBXShellScriptBuildPhase;
			buildActionMask = 2147483647;
			files = (
			);
			name = "CMake Rules";
			runOnlyForDeploymentPostprocessing = 0;
			shellPath = /bin/sh;
			shellScript = "make -C /Users/pro/Desktop/Fall2015/COMS557/project_557_2015_tg/FinalProject/SourceCode -f /Users/pro/Desktop/Fall2015/COMS557/project_557_2015_tg/FinalProject/SourceCode/CMakeScripts/ZERO_CHECK_cmakeRulesBuildPhase.make$CONFIGURATION all";
			showEnvVarsInLog = 0;
		};
		B666ECCCCBE4472E9C96792E /* CMake Rules */ = {
			isa = PBXShellScriptBuildPhase;
			buildActionMask = 2147483647;
			files = (
			);
			name = "CMake Rules";
			runOnlyForDeploymentPostprocessing = 0;
			shellPath = /bin/sh;
			shellScript = "make -C /Users/pro/Desktop/Fall2015/COMS557/project_557_2015_tg/FinalProject/SourceCode -f /Users/pro/Desktop/Fall2015/COMS557/project_557_2015_tg/FinalProject/SourceCode/CMakeScripts/ALL_BUILD_cmakeRulesBuildPhase.make$CONFIGURATION all";
			showEnvVarsInLog = 0;
		};
/* End PBXShellScriptBuildPhase section */

/* Begin PBXSourcesBuildPhase section */
		0AF5D2DD48C74E6FB02CC03B /* Sources */ = {
			isa = PBXSourcesBuildPhase;
			buildActionMask = 2147483647;
			files = (
				E5AD3DF91A034138B9358F28 /* ChessGame.cpp in Sources */,
				8A38E39B05DA40A6B5AC7BBA /* ChessGameAppearance.cpp in Sources */,
				1543ED6398E640E0A2890A48 /* ChessPiece.cpp in Sources */,
				23A8C9D514B246018F4EB012 /* ObjectIdFactory.cpp in Sources */,
				B916E4CC8B8748F9BFF8FF60 /* PieceFactory.cpp in Sources */,
				82D95E6657C24C939E659363 /* main.cpp in Sources */,
				3C222277F23E48048A8A37FD /* CoordSystem.cpp in Sources */,
				15C644E81C193E0C00016FCB /* Texture.cpp in Sources */,
				072749863CF145B7A67F9EA3 /* GLAppearance.cpp in Sources */,
				46AE68E210504DB6B94078D9 /* GLObject.cpp in Sources */,
				B47453334A514DF1BB30379F /* GLObjectObj.cpp in Sources */,
				E6A08F53A54E46C4AD0E1799 /* GLSphere.cpp in Sources */,
				274740518D7F4F3599EBF7EC /* HCI557Common.cpp in Sources */,
				F29880EBF1E44E56982AA07D /* Shaders.cpp in Sources */,
				36A4631F15984E26A5DD579F /* Sphere3D.cpp in Sources */,
				290AB55015A443F8B9BBEA3E /* camera.cpp in Sources */,
				A6130C509B39480B94F4332C /* controls.cpp in Sources */,
			);
			runOnlyForDeploymentPostprocessing = 0;
		};
/* End PBXSourcesBuildPhase section */

/* Begin PBXTargetDependency section */
		B5B182C5A6C149B88EC55B24 /* PBXTargetDependency */ = {
			isa = PBXTargetDependency;
			target = D662C66B534F41E5B97839E4 /* ZERO_CHECK */;
			targetProxy = 306B2C47501C4EEA8BD516E7 /* PBXContainerItemProxy */;
		};
		DCF0B5A7F9D64612BD7063A3 /* PBXTargetDependency */ = {
			isa = PBXTargetDependency;
			target = E89E9BEDE30C4D52BD6B9DB1 /* HCI557_ObjLoader */;
			targetProxy = 22363A1C2AF748F4B358D737 /* PBXContainerItemProxy */;
		};
		F09E0160B486492FB1CD5F67 /* PBXTargetDependency */ = {
			isa = PBXTargetDependency;
			target = D662C66B534F41E5B97839E4 /* ZERO_CHECK */;
			targetProxy = 0810CEA3F98A458ABF7C71D0 /* PBXContainerItemProxy */;
		};
/* End PBXTargetDependency section */

/* Begin XCBuildConfiguration section */
		1C145E216CF6426C94817A1F /* Release */ = {
			isa = XCBuildConfiguration;
			buildSettings = {
				COMBINE_HIDPI_IMAGES = YES;
				FRAMEWORK_SEARCH_PATHS = /Applications/Xcode.app/Contents/Developer/Platforms/MacOSX.platform/Developer/SDKs/MacOSX10.11.sdk/System/Library/Frameworks;
				GCC_GENERATE_DEBUGGING_SYMBOLS = YES;
				GCC_INLINES_ARE_PRIVATE_EXTERN = NO;
				GCC_OPTIMIZATION_LEVEL = 0;
				GCC_PREPROCESSOR_DEFINITIONS = "'CMAKE_INTDIR=\"$(CONFIGURATION)$(EFFECTIVE_PLATFORM_NAME)\"'";
				GCC_SYMBOLS_PRIVATE_EXTERN = NO;
				HEADER_SEARCH_PATHS = (
					/usr/local/include,
					/Users/pro/Desktop/Fall2015/COMS557/project_557_2015_tg/FinalProject/SourceCode/../gl_common,
					/Users/pro/Desktop/Fall2015/COMS557/project_557_2015_tg/FinalProject/SourceCode/lib,
				);
				INSTALL_PATH = "";
				OTHER_LDFLAGS = " ";
				OTHER_REZFLAGS = "";
				PRODUCT_NAME = ZERO_CHECK;
				SECTORDER_FLAGS = "";
				SYMROOT = /Users/pro/Desktop/Fall2015/COMS557/project_557_2015_tg/FinalProject/SourceCode;
				USE_HEADERMAP = NO;
				WARNING_CFLAGS = (
					"-Wmost",
					"-Wno-four-char-constants",
					"-Wno-unknown-pragmas",
					"$(inherited)",
				);
			};
			name = Release;
		};
		29E8B137FBA34F4A86CBD977 /* Release */ = {
			isa = XCBuildConfiguration;
			buildSettings = {
				COMBINE_HIDPI_IMAGES = YES;
				EXECUTABLE_PREFIX = "";
				EXECUTABLE_SUFFIX = "";
				FRAMEWORK_SEARCH_PATHS = /Applications/Xcode.app/Contents/Developer/Platforms/MacOSX.platform/Developer/SDKs/MacOSX10.11.sdk/System/Library/Frameworks;
				GCC_GENERATE_DEBUGGING_SYMBOLS = NO;
				GCC_INLINES_ARE_PRIVATE_EXTERN = NO;
				GCC_OPTIMIZATION_LEVEL = 3;
				GCC_PREPROCESSOR_DEFINITIONS = "'CMAKE_INTDIR=\"$(CONFIGURATION)$(EFFECTIVE_PLATFORM_NAME)\"'";
				GCC_SYMBOLS_PRIVATE_EXTERN = NO;
				HEADER_SEARCH_PATHS = (
					/usr/local/include,
					/Users/pro/Desktop/Fall2015/COMS557/project_557_2015_tg/FinalProject/SourceCode/../gl_common,
					/Users/pro/Desktop/Fall2015/COMS557/project_557_2015_tg/FinalProject/SourceCode/lib,
				);
				INSTALL_PATH = "";
				LIBRARY_SEARCH_PATHS = "";
				OTHER_CPLUSPLUSFLAGS = "    -DNDEBUG  ";
				OTHER_LDFLAGS = (
					"-Wl,-search_paths_first",
					"-Wl,-headerpad_max_install_names",
					/usr/local/lib/libGLEW.dylib,
					/usr/local/lib/libglfw3.dylib,
					"-framework",
					AGL,
					"-framework",
					OpenGL,
					"-framework",
					AGL,
					"-framework",
					OpenGL,
				);
				OTHER_REZFLAGS = "";
				PRODUCT_NAME = HCI557_ObjLoader;
				SECTORDER_FLAGS = "";
				SYMROOT = /Users/pro/Desktop/Fall2015/COMS557/project_557_2015_tg/FinalProject/SourceCode;
				USE_HEADERMAP = NO;
				WARNING_CFLAGS = (
					"-Wmost",
					"-Wno-four-char-constants",
					"-Wno-unknown-pragmas",
					"$(inherited)",
				);
			};
			name = Release;
		};
		3A239E9FEFA04FF593D54073 /* MinSizeRel */ = {
			isa = XCBuildConfiguration;
			buildSettings = {
				COMBINE_HIDPI_IMAGES = YES;
				EXECUTABLE_PREFIX = "";
				EXECUTABLE_SUFFIX = "";
				FRAMEWORK_SEARCH_PATHS = /Applications/Xcode.app/Contents/Developer/Platforms/MacOSX.platform/Developer/SDKs/MacOSX10.11.sdk/System/Library/Frameworks;
				GCC_GENERATE_DEBUGGING_SYMBOLS = NO;
				GCC_INLINES_ARE_PRIVATE_EXTERN = NO;
				GCC_OPTIMIZATION_LEVEL = s;
				GCC_PREPROCESSOR_DEFINITIONS = "'CMAKE_INTDIR=\"$(CONFIGURATION)$(EFFECTIVE_PLATFORM_NAME)\"'";
				GCC_SYMBOLS_PRIVATE_EXTERN = NO;
				HEADER_SEARCH_PATHS = (
					/usr/local/include,
					/Users/pro/Desktop/Fall2015/COMS557/project_557_2015_tg/FinalProject/SourceCode/../gl_common,
					/Users/pro/Desktop/Fall2015/COMS557/project_557_2015_tg/FinalProject/SourceCode/lib,
				);
				INSTALL_PATH = "";
				LIBRARY_SEARCH_PATHS = "";
				OTHER_CPLUSPLUSFLAGS = "    -DNDEBUG  ";
				OTHER_LDFLAGS = (
					"-Wl,-search_paths_first",
					"-Wl,-headerpad_max_install_names",
					/usr/local/lib/libGLEW.dylib,
					/usr/local/lib/libglfw3.dylib,
					"-framework",
					AGL,
					"-framework",
					OpenGL,
					"-framework",
					AGL,
					"-framework",
					OpenGL,
				);
				OTHER_REZFLAGS = "";
				PRODUCT_NAME = HCI557_ObjLoader;
				SECTORDER_FLAGS = "";
				SYMROOT = /Users/pro/Desktop/Fall2015/COMS557/project_557_2015_tg/FinalProject/SourceCode;
				USE_HEADERMAP = NO;
				WARNING_CFLAGS = (
					"-Wmost",
					"-Wno-four-char-constants",
					"-Wno-unknown-pragmas",
					"$(inherited)",
				);
			};
			name = MinSizeRel;
		};
		3B74FDE47B8E4CC9A187A023 /* Debug */ = {
			isa = XCBuildConfiguration;
			buildSettings = {
				COMBINE_HIDPI_IMAGES = YES;
				FRAMEWORK_SEARCH_PATHS = /Applications/Xcode.app/Contents/Developer/Platforms/MacOSX.platform/Developer/SDKs/MacOSX10.11.sdk/System/Library/Frameworks;
				GCC_GENERATE_DEBUGGING_SYMBOLS = YES;
				GCC_INLINES_ARE_PRIVATE_EXTERN = NO;
				GCC_OPTIMIZATION_LEVEL = 0;
				GCC_PREPROCESSOR_DEFINITIONS = "'CMAKE_INTDIR=\"$(CONFIGURATION)$(EFFECTIVE_PLATFORM_NAME)\"'";
				GCC_SYMBOLS_PRIVATE_EXTERN = NO;
				HEADER_SEARCH_PATHS = (
					/usr/local/include,
					/Users/pro/Desktop/Fall2015/COMS557/project_557_2015_tg/FinalProject/SourceCode/../gl_common,
					/Users/pro/Desktop/Fall2015/COMS557/project_557_2015_tg/FinalProject/SourceCode/lib,
				);
				INSTALL_PATH = "";
				OTHER_LDFLAGS = " ";
				OTHER_REZFLAGS = "";
				PRODUCT_NAME = ZERO_CHECK;
				SECTORDER_FLAGS = "";
				SYMROOT = /Users/pro/Desktop/Fall2015/COMS557/project_557_2015_tg/FinalProject/SourceCode;
				USE_HEADERMAP = NO;
				WARNING_CFLAGS = (
					"-Wmost",
					"-Wno-four-char-constants",
					"-Wno-unknown-pragmas",
					"$(inherited)",
				);
			};
			name = Debug;
		};
		4C88A8E320044A54B77A419A /* Release */ = {
			isa = XCBuildConfiguration;
			buildSettings = {
				COMBINE_HIDPI_IMAGES = YES;
				FRAMEWORK_SEARCH_PATHS = /Applications/Xcode.app/Contents/Developer/Platforms/MacOSX.platform/Developer/SDKs/MacOSX10.11.sdk/System/Library/Frameworks;
				GCC_GENERATE_DEBUGGING_SYMBOLS = YES;
				GCC_INLINES_ARE_PRIVATE_EXTERN = NO;
				GCC_OPTIMIZATION_LEVEL = 0;
				GCC_PREPROCESSOR_DEFINITIONS = "'CMAKE_INTDIR=\"$(CONFIGURATION)$(EFFECTIVE_PLATFORM_NAME)\"'";
				GCC_SYMBOLS_PRIVATE_EXTERN = NO;
				HEADER_SEARCH_PATHS = (
					/usr/local/include,
					/Users/pro/Desktop/Fall2015/COMS557/project_557_2015_tg/FinalProject/SourceCode/../gl_common,
					/Users/pro/Desktop/Fall2015/COMS557/project_557_2015_tg/FinalProject/SourceCode/lib,
				);
				INSTALL_PATH = "";
				OTHER_LDFLAGS = " ";
				OTHER_REZFLAGS = "";
				PRODUCT_NAME = ALL_BUILD;
				SECTORDER_FLAGS = "";
				SYMROOT = /Users/pro/Desktop/Fall2015/COMS557/project_557_2015_tg/FinalProject/SourceCode;
				USE_HEADERMAP = NO;
				WARNING_CFLAGS = (
					"-Wmost",
					"-Wno-four-char-constants",
					"-Wno-unknown-pragmas",
					"$(inherited)",
				);
			};
			name = Release;
		};
		5FBF333CF03E4811899AEF38 /* Debug */ = {
			isa = XCBuildConfiguration;
			buildSettings = {
				COMBINE_HIDPI_IMAGES = YES;
				EXECUTABLE_PREFIX = "";
				EXECUTABLE_SUFFIX = "";
				FRAMEWORK_SEARCH_PATHS = /Applications/Xcode.app/Contents/Developer/Platforms/MacOSX.platform/Developer/SDKs/MacOSX10.11.sdk/System/Library/Frameworks;
				GCC_GENERATE_DEBUGGING_SYMBOLS = YES;
				GCC_INLINES_ARE_PRIVATE_EXTERN = NO;
				GCC_OPTIMIZATION_LEVEL = 0;
				GCC_PREPROCESSOR_DEFINITIONS = "'CMAKE_INTDIR=\"$(CONFIGURATION)$(EFFECTIVE_PLATFORM_NAME)\"'";
				GCC_SYMBOLS_PRIVATE_EXTERN = NO;
				HEADER_SEARCH_PATHS = (
					/usr/local/include,
					/Users/pro/Desktop/Fall2015/COMS557/project_557_2015_tg/FinalProject/SourceCode/../gl_common,
					/Users/pro/Desktop/Fall2015/COMS557/project_557_2015_tg/FinalProject/SourceCode/lib,
				);
				INSTALL_PATH = "";
				LIBRARY_SEARCH_PATHS = "";
				OTHER_CPLUSPLUSFLAGS = "    ";
				OTHER_LDFLAGS = (
					"-Wl,-search_paths_first",
					"-Wl,-headerpad_max_install_names",
					/usr/local/lib/libGLEW.dylib,
					/usr/local/lib/libglfw3.dylib,
					"-framework",
					AGL,
					"-framework",
					OpenGL,
					"-framework",
					AGL,
					"-framework",
					OpenGL,
				);
				OTHER_REZFLAGS = "";
				PRODUCT_NAME = HCI557_ObjLoader;
				SECTORDER_FLAGS = "";
				SYMROOT = /Users/pro/Desktop/Fall2015/COMS557/project_557_2015_tg/FinalProject/SourceCode;
				USE_HEADERMAP = NO;
				WARNING_CFLAGS = (
					"-Wmost",
					"-Wno-four-char-constants",
					"-Wno-unknown-pragmas",
					"$(inherited)",
				);
			};
			name = Debug;
		};
		61FB653E15EB485FA3864476 /* RelWithDebInfo */ = {
			isa = XCBuildConfiguration;
			buildSettings = {
				COMBINE_HIDPI_IMAGES = YES;
				FRAMEWORK_SEARCH_PATHS = /Applications/Xcode.app/Contents/Developer/Platforms/MacOSX.platform/Developer/SDKs/MacOSX10.11.sdk/System/Library/Frameworks;
				GCC_GENERATE_DEBUGGING_SYMBOLS = YES;
				GCC_INLINES_ARE_PRIVATE_EXTERN = NO;
				GCC_OPTIMIZATION_LEVEL = 0;
				GCC_PREPROCESSOR_DEFINITIONS = "'CMAKE_INTDIR=\"$(CONFIGURATION)$(EFFECTIVE_PLATFORM_NAME)\"'";
				GCC_SYMBOLS_PRIVATE_EXTERN = NO;
				HEADER_SEARCH_PATHS = (
					/usr/local/include,
					/Users/pro/Desktop/Fall2015/COMS557/project_557_2015_tg/FinalProject/SourceCode/../gl_common,
					/Users/pro/Desktop/Fall2015/COMS557/project_557_2015_tg/FinalProject/SourceCode/lib,
				);
				INSTALL_PATH = "";
				OTHER_LDFLAGS = " ";
				OTHER_REZFLAGS = "";
				PRODUCT_NAME = ALL_BUILD;
				SECTORDER_FLAGS = "";
				SYMROOT = /Users/pro/Desktop/Fall2015/COMS557/project_557_2015_tg/FinalProject/SourceCode;
				USE_HEADERMAP = NO;
				WARNING_CFLAGS = (
					"-Wmost",
					"-Wno-four-char-constants",
					"-Wno-unknown-pragmas",
					"$(inherited)",
				);
			};
			name = RelWithDebInfo;
		};
		65924C7C5F48418F8CA4F714 /* Release */ = {
			isa = XCBuildConfiguration;
			buildSettings = {
				ONLY_ACTIVE_ARCH = YES;
				SDKROOT = /Applications/Xcode.app/Contents/Developer/Platforms/MacOSX.platform/Developer/SDKs/MacOSX10.11.sdk;
				SYMROOT = /Users/pro/Desktop/Fall2015/COMS557/project_557_2015_tg/FinalProject/SourceCode/build;
			};
			name = Release;
		};
		728C56D9D9DE4F9AA48701B1 /* Debug */ = {
			isa = XCBuildConfiguration;
			buildSettings = {
				ONLY_ACTIVE_ARCH = YES;
				SDKROOT = /Applications/Xcode.app/Contents/Developer/Platforms/MacOSX.platform/Developer/SDKs/MacOSX10.11.sdk;
				SYMROOT = /Users/pro/Desktop/Fall2015/COMS557/project_557_2015_tg/FinalProject/SourceCode/build;
			};
			name = Debug;
		};
		7E9CCF7692FC456F8F857FDA /* Debug */ = {
			isa = XCBuildConfiguration;
			buildSettings = {
				COMBINE_HIDPI_IMAGES = YES;
				FRAMEWORK_SEARCH_PATHS = /Applications/Xcode.app/Contents/Developer/Platforms/MacOSX.platform/Developer/SDKs/MacOSX10.11.sdk/System/Library/Frameworks;
				GCC_GENERATE_DEBUGGING_SYMBOLS = YES;
				GCC_INLINES_ARE_PRIVATE_EXTERN = NO;
				GCC_OPTIMIZATION_LEVEL = 0;
				GCC_PREPROCESSOR_DEFINITIONS = "'CMAKE_INTDIR=\"$(CONFIGURATION)$(EFFECTIVE_PLATFORM_NAME)\"'";
				GCC_SYMBOLS_PRIVATE_EXTERN = NO;
				HEADER_SEARCH_PATHS = (
					/usr/local/include,
					/Users/pro/Desktop/Fall2015/COMS557/project_557_2015_tg/FinalProject/SourceCode/../gl_common,
					/Users/pro/Desktop/Fall2015/COMS557/project_557_2015_tg/FinalProject/SourceCode/lib,
				);
				INSTALL_PATH = "";
				OTHER_LDFLAGS = " ";
				OTHER_REZFLAGS = "";
				PRODUCT_NAME = ALL_BUILD;
				SECTORDER_FLAGS = "";
				SYMROOT = /Users/pro/Desktop/Fall2015/COMS557/project_557_2015_tg/FinalProject/SourceCode;
				USE_HEADERMAP = NO;
				WARNING_CFLAGS = (
					"-Wmost",
					"-Wno-four-char-constants",
					"-Wno-unknown-pragmas",
					"$(inherited)",
				);
			};
			name = Debug;
		};
		C8AF69E18E2F498F81259496 /* RelWithDebInfo */ = {
			isa = XCBuildConfiguration;
			buildSettings = {
				ONLY_ACTIVE_ARCH = YES;
				SDKROOT = /Applications/Xcode.app/Contents/Developer/Platforms/MacOSX.platform/Developer/SDKs/MacOSX10.11.sdk;
				SYMROOT = /Users/pro/Desktop/Fall2015/COMS557/project_557_2015_tg/FinalProject/SourceCode/build;
			};
			name = RelWithDebInfo;
		};
		CB68E444813C4D14BA74CFD5 /* RelWithDebInfo */ = {
			isa = XCBuildConfiguration;
			buildSettings = {
				COMBINE_HIDPI_IMAGES = YES;
				FRAMEWORK_SEARCH_PATHS = /Applications/Xcode.app/Contents/Developer/Platforms/MacOSX.platform/Developer/SDKs/MacOSX10.11.sdk/System/Library/Frameworks;
				GCC_GENERATE_DEBUGGING_SYMBOLS = YES;
				GCC_INLINES_ARE_PRIVATE_EXTERN = NO;
				GCC_OPTIMIZATION_LEVEL = 0;
				GCC_PREPROCESSOR_DEFINITIONS = "'CMAKE_INTDIR=\"$(CONFIGURATION)$(EFFECTIVE_PLATFORM_NAME)\"'";
				GCC_SYMBOLS_PRIVATE_EXTERN = NO;
				HEADER_SEARCH_PATHS = (
					/usr/local/include,
					/Users/pro/Desktop/Fall2015/COMS557/project_557_2015_tg/FinalProject/SourceCode/../gl_common,
					/Users/pro/Desktop/Fall2015/COMS557/project_557_2015_tg/FinalProject/SourceCode/lib,
				);
				INSTALL_PATH = "";
				OTHER_LDFLAGS = " ";
				OTHER_REZFLAGS = "";
				PRODUCT_NAME = ZERO_CHECK;
				SECTORDER_FLAGS = "";
				SYMROOT = /Users/pro/Desktop/Fall2015/COMS557/project_557_2015_tg/FinalProject/SourceCode;
				USE_HEADERMAP = NO;
				WARNING_CFLAGS = (
					"-Wmost",
					"-Wno-four-char-constants",
					"-Wno-unknown-pragmas",
					"$(inherited)",
				);
			};
			name = RelWithDebInfo;
		};
		CDC4F765BE8A40FEA030A1EF /* MinSizeRel */ = {
			isa = XCBuildConfiguration;
			buildSettings = {
				ONLY_ACTIVE_ARCH = YES;
				SDKROOT = /Applications/Xcode.app/Contents/Developer/Platforms/MacOSX.platform/Developer/SDKs/MacOSX10.11.sdk;
				SYMROOT = /Users/pro/Desktop/Fall2015/COMS557/project_557_2015_tg/FinalProject/SourceCode/build;
			};
			name = MinSizeRel;
		};
		E06A516F507E47D78B2A7D44 /* MinSizeRel */ = {
			isa = XCBuildConfiguration;
			buildSettings = {
				COMBINE_HIDPI_IMAGES = YES;
				FRAMEWORK_SEARCH_PATHS = /Applications/Xcode.app/Contents/Developer/Platforms/MacOSX.platform/Developer/SDKs/MacOSX10.11.sdk/System/Library/Frameworks;
				GCC_GENERATE_DEBUGGING_SYMBOLS = YES;
				GCC_INLINES_ARE_PRIVATE_EXTERN = NO;
				GCC_OPTIMIZATION_LEVEL = 0;
				GCC_PREPROCESSOR_DEFINITIONS = "'CMAKE_INTDIR=\"$(CONFIGURATION)$(EFFECTIVE_PLATFORM_NAME)\"'";
				GCC_SYMBOLS_PRIVATE_EXTERN = NO;
				HEADER_SEARCH_PATHS = (
					/usr/local/include,
					/Users/pro/Desktop/Fall2015/COMS557/project_557_2015_tg/FinalProject/SourceCode/../gl_common,
					/Users/pro/Desktop/Fall2015/COMS557/project_557_2015_tg/FinalProject/SourceCode/lib,
				);
				INSTALL_PATH = "";
				OTHER_LDFLAGS = " ";
				OTHER_REZFLAGS = "";
				PRODUCT_NAME = ALL_BUILD;
				SECTORDER_FLAGS = "";
				SYMROOT = /Users/pro/Desktop/Fall2015/COMS557/project_557_2015_tg/FinalProject/SourceCode;
				USE_HEADERMAP = NO;
				WARNING_CFLAGS = (
					"-Wmost",
					"-Wno-four-char-constants",
					"-Wno-unknown-pragmas",
					"$(inherited)",
				);
			};
			name = MinSizeRel;
		};
		EF5B46FFF092426EA8D93B90 /* MinSizeRel */ = {
			isa = XCBuildConfiguration;
			buildSettings = {
				COMBINE_HIDPI_IMAGES = YES;
				FRAMEWORK_SEARCH_PATHS = /Applications/Xcode.app/Contents/Developer/Platforms/MacOSX.platform/Developer/SDKs/MacOSX10.11.sdk/System/Library/Frameworks;
				GCC_GENERATE_DEBUGGING_SYMBOLS = YES;
				GCC_INLINES_ARE_PRIVATE_EXTERN = NO;
				GCC_OPTIMIZATION_LEVEL = 0;
				GCC_PREPROCESSOR_DEFINITIONS = "'CMAKE_INTDIR=\"$(CONFIGURATION)$(EFFECTIVE_PLATFORM_NAME)\"'";
				GCC_SYMBOLS_PRIVATE_EXTERN = NO;
				HEADER_SEARCH_PATHS = (
					/usr/local/include,
					/Users/pro/Desktop/Fall2015/COMS557/project_557_2015_tg/FinalProject/SourceCode/../gl_common,
					/Users/pro/Desktop/Fall2015/COMS557/project_557_2015_tg/FinalProject/SourceCode/lib,
				);
				INSTALL_PATH = "";
				OTHER_LDFLAGS = " ";
				OTHER_REZFLAGS = "";
				PRODUCT_NAME = ZERO_CHECK;
				SECTORDER_FLAGS = "";
				SYMROOT = /Users/pro/Desktop/Fall2015/COMS557/project_557_2015_tg/FinalProject/SourceCode;
				USE_HEADERMAP = NO;
				WARNING_CFLAGS = (
					"-Wmost",
					"-Wno-four-char-constants",
					"-Wno-unknown-pragmas",
					"$(inherited)",
				);
			};
			name = MinSizeRel;
		};
		FED012A963C24BB5A926B9C1 /* RelWithDebInfo */ = {
			isa = XCBuildConfiguration;
			buildSettings = {
				COMBINE_HIDPI_IMAGES = YES;
				EXECUTABLE_PREFIX = "";
				EXECUTABLE_SUFFIX = "";
				FRAMEWORK_SEARCH_PATHS = /Applications/Xcode.app/Contents/Developer/Platforms/MacOSX.platform/Developer/SDKs/MacOSX10.11.sdk/System/Library/Frameworks;
				GCC_GENERATE_DEBUGGING_SYMBOLS = YES;
				GCC_INLINES_ARE_PRIVATE_EXTERN = NO;
				GCC_OPTIMIZATION_LEVEL = 2;
				GCC_PREPROCESSOR_DEFINITIONS = "'CMAKE_INTDIR=\"$(CONFIGURATION)$(EFFECTIVE_PLATFORM_NAME)\"'";
				GCC_SYMBOLS_PRIVATE_EXTERN = NO;
				HEADER_SEARCH_PATHS = (
					/usr/local/include,
					/Users/pro/Desktop/Fall2015/COMS557/project_557_2015_tg/FinalProject/SourceCode/../gl_common,
					/Users/pro/Desktop/Fall2015/COMS557/project_557_2015_tg/FinalProject/SourceCode/lib,
				);
				INSTALL_PATH = "";
				LIBRARY_SEARCH_PATHS = "";
				OTHER_CPLUSPLUSFLAGS = "       -DNDEBUG  ";
				OTHER_LDFLAGS = (
					"-Wl,-search_paths_first",
					"-Wl,-headerpad_max_install_names",
					/usr/local/lib/libGLEW.dylib,
					/usr/local/lib/libglfw3.dylib,
					"-framework",
					AGL,
					"-framework",
					OpenGL,
					"-framework",
					AGL,
					"-framework",
					OpenGL,
				);
				OTHER_REZFLAGS = "";
				PRODUCT_NAME = HCI557_ObjLoader;
				SECTORDER_FLAGS = "";
				SYMROOT = /Users/pro/Desktop/Fall2015/COMS557/project_557_2015_tg/FinalProject/SourceCode;
				USE_HEADERMAP = NO;
				WARNING_CFLAGS = (
					"-Wmost",
					"-Wno-four-char-constants",
					"-Wno-unknown-pragmas",
					"$(inherited)",
				);
			};
			name = RelWithDebInfo;
		};
/* End XCBuildConfiguration section */

/* Begin XCConfigurationList section */
		0C9A734C1D3A4BF9AADB78BD /* Build configuration list for PBXNativeTarget "HCI557_ObjLoader" */ = {
			isa = XCConfigurationList;
			buildConfigurations = (
				5FBF333CF03E4811899AEF38 /* Debug */,
				29E8B137FBA34F4A86CBD977 /* Release */,
				3A239E9FEFA04FF593D54073 /* MinSizeRel */,
				FED012A963C24BB5A926B9C1 /* RelWithDebInfo */,
			);
			defaultConfigurationIsVisible = 0;
			defaultConfigurationName = Debug;
		};
		254AB6FE6EEF466C9680508F /* Build configuration list for PBXProject "FinalProject" */ = {
			isa = XCConfigurationList;
			buildConfigurations = (
				728C56D9D9DE4F9AA48701B1 /* Debug */,
				65924C7C5F48418F8CA4F714 /* Release */,
				CDC4F765BE8A40FEA030A1EF /* MinSizeRel */,
				C8AF69E18E2F498F81259496 /* RelWithDebInfo */,
			);
			defaultConfigurationIsVisible = 0;
			defaultConfigurationName = Debug;
		};
		3C77F7552B0349F09F46E598 /* Build configuration list for PBXAggregateTarget "ZERO_CHECK" */ = {
			isa = XCConfigurationList;
			buildConfigurations = (
				3B74FDE47B8E4CC9A187A023 /* Debug */,
				1C145E216CF6426C94817A1F /* Release */,
				EF5B46FFF092426EA8D93B90 /* MinSizeRel */,
				CB68E444813C4D14BA74CFD5 /* RelWithDebInfo */,
			);
			defaultConfigurationIsVisible = 0;
			defaultConfigurationName = Debug;
		};
		FBBF7BD5CBC94E8EB526FF4C /* Build configuration list for PBXAggregateTarget "ALL_BUILD" */ = {
			isa = XCConfigurationList;
			buildConfigurations = (
				7E9CCF7692FC456F8F857FDA /* Debug */,
				4C88A8E320044A54B77A419A /* Release */,
				E06A516F507E47D78B2A7D44 /* MinSizeRel */,
				61FB653E15EB485FA3864476 /* RelWithDebInfo */,
			);
			defaultConfigurationIsVisible = 0;
			defaultConfigurationName = Debug;
		};
/* End XCConfigurationList section */
	};
	rootObject = 0859C1E2ED2A4C2AB3A58911 /* Project object */;
}
